
Microsoft Visual Studio Solution File, Format Version 12.00
# Visual Studio Version 17
VisualStudioVersion = 17.13.35825.156 d17.13
MinimumVisualStudioVersion = 10.0.40219.1
Project("{FAE04EC0-301F-11D3-BF4B-00C04F79EFBC}") = "IPT_Lawrence_Sanchez", "WindowsFormsApp2\IPT_Lawrence_Sanchez.csproj", "{41CC0951-CEFE-40B9-A348-ACD310BC2C71}"
EndProject
Global
	GlobalSection(SolutionConfigurationPlatforms) = preSolution
		Debug|Any CPU = Debug|Any CPU
		Release|Any CPU = Release|Any CPU
	EndGlobalSection
	GlobalSection(ProjectConfigurationPlatforms) = postSolution
		{41CC0951-CEFE-40B9-A348-ACD310BC2C71}.Debug|Any CPU.ActiveCfg = Debug|Any CPU
		{41CC0951-CEFE-40B9-A348-ACD310BC2C71}.Debug|Any CPU.Build.0 = Debug|Any CPU
		{41CC0951-CEFE-40B9-A348-ACD310BC2C71}.Release|Any CPU.ActiveCfg = Release|Any CPU
		{41CC0951-CEFE-40B9-A348-ACD310BC2C71}.Release|Any CPU.Build.0 = Release|Any CPU
	EndGlobalSection
	GlobalSection(SolutionProperties) = preSolution
		HideSolutionNode = FALSE
	EndGlobalSection
	GlobalSection(ExtensibilityGlobals) = postSolution
		SolutionGuid = {C70E0356-54F9-4B8C-840B-2641ECDCA8E6}
	EndGlobalSection
EndGlobal
